{
  "version": 1,
  "dependencies": {
    "net7.0": {
      "Avalonia": {
        "type": "Direct",
        "requested": "[11.0.999-cibuild0037199-beta, )",
        "resolved": "11.0.999-cibuild0037199-beta",
        "contentHash": "Gdh8aEqEAlSYuLs7ugZF5HOEqzuSTf9d4TIFW48MuIkfUzjno5BzX0BWLjn0o8Sr9axZTBeGk4sw/1P1W9Ie4A==",
        "dependencies": {
          "Avalonia.BuildServices": "0.0.22",
          "Avalonia.Remote.Protocol": "11.0.999-cibuild0037199-beta",
          "MicroCom.Runtime": "0.11.0",
          "System.ComponentModel.Annotations": "4.5.0"
        }
      },
      "Avalonia.Desktop": {
        "type": "Direct",
        "requested": "[11.0.999-cibuild0037199-beta, )",
        "resolved": "11.0.999-cibuild0037199-beta",
        "contentHash": "A0uv1w2KUr4SnTM50jOHVmP+a0QZoVhx3/FYgj0RajaGUkIdvjJW+RBcr3abjXDLvoqpwi4Cb1SsLLR0QCOReQ==",
        "dependencies": {
          "Avalonia": "11.0.999-cibuild0037199-beta",
          "Avalonia.Native": "11.0.999-cibuild0037199-beta",
          "Avalonia.Skia": "11.0.999-cibuild0037199-beta",
          "Avalonia.Win32": "11.0.999-cibuild0037199-beta",
          "Avalonia.X11": "11.0.999-cibuild0037199-beta"
        }
      },
      "Avalonia.Fonts.Inter": {
        "type": "Direct",
        "requested": "[11.0.999-cibuild0037199-beta, )",
        "resolved": "11.0.999-cibuild0037199-beta",
        "contentHash": "8vaiPvFCd1V6fGVQqrUrj9H7Mo4rxOUoiY13l8TyNG7QbVntJH3ahC7c5WNfRu9PfVaZixCImG0IM60tLnk21A==",
        "dependencies": {
          "Avalonia": "11.0.999-cibuild0037199-beta"
        }
      },
      "Avalonia.Themes.Fluent": {
        "type": "Direct",
        "requested": "[11.0.999-cibuild0037199-beta, )",
        "resolved": "11.0.999-cibuild0037199-beta",
        "contentHash": "PthmEyTsdGgVZcITDk8TwnK8YQiggeO/5+cYpMLl9gUfwmEcsw4bYlR04OFRcAfzCaSHfzqyNmd+7NZCTM1Gdw==",
        "dependencies": {
          "Avalonia": "11.0.999-cibuild0037199-beta"
        }
      },
      "Deadpikle.AvaloniaProgressRing": {
        "type": "Direct",
        "requested": "[0.10.0-preview20230601001, )",
        "resolved": "0.10.0-preview20230601001",
        "contentHash": "PshnNQfQl7JDrc/85hJpTtRhpHosqwYGNmnLhiEtzDAIrOtw1mY86mGDQJo99RiOkWDPdykOzS5onsFBQFbxng==",
        "dependencies": {
          "Avalonia": "11.0.0-rc1.1"
        }
      },
      "DotNet.Bundle": {
        "type": "Direct",
        "requested": "[0.9.13, )",
        "resolved": "0.9.13",
        "contentHash": "ap71k9yjYyvi2kZNkrH7mP/IZ68apMoU84AqL8FDHlEa7f3YwEcck4UU4uweS2zfx1x0C33JcYCeCp4wewag8w=="
      },
      "System.Text.Json": {
        "type": "Direct",
        "requested": "[8.0.0-preview.5.23280.8, )",
        "resolved": "8.0.0-preview.5.23280.8",
        "contentHash": "pIbWMzNEuUrO0DAe2T17rloNfrYsHg8MHhmxLOlyPHZgrAXEr3smeZvHaxNGkrJHYPoO7hgmWI9tuTI/kiJT8Q==",
        "dependencies": {
          "System.Text.Encodings.Web": "8.0.0-preview.5.23280.8"
        }
      },
      "Avalonia.Angle.Windows.Natives": {
        "type": "Transitive",
        "resolved": "2.1.0.2023020321",
        "contentHash": "Zlkkb8ipxrxNWVPCJgMO19fpcpYPP+bpOQ+jPtCFj8v+TzVvPdnGHuyv9IMvSHhhMfEpps4m4hjaP4FORQYVAA=="
      },
      "Avalonia.BuildServices": {
        "type": "Transitive",
        "resolved": "0.0.22",
        "contentHash": "yX1oqG2Iuj97nYzIF9Sv2E2yD89+dH/vzkysx0ReErPL5IHvnw+BeuH1z2khOTZlfUMxG1slkZAv/Gi9IOrjzA=="
      },
      "Avalonia.FreeDesktop": {
        "type": "Transitive",
        "resolved": "11.0.999-cibuild0037199-beta",
        "contentHash": "tCiNUUIhSACeuhncwBRO+Fvaa+8Dk5e7YdkG8aEge2GVCrVrHDDtODXqWtsuF0xDO3CjAATuyyvv35PwL+ePIg==",
        "dependencies": {
          "Avalonia": "11.0.999-cibuild0037199-beta",
          "Tmds.DBus.Protocol": "0.15.0"
        }
      },
      "Avalonia.Native": {
        "type": "Transitive",
        "resolved": "11.0.999-cibuild0037199-beta",
        "contentHash": "8tkYM0UpfQ9+nB3cAUd1qscpNAdGDc0UfSZ4k55XPb8fjRyfFoiQ1pRFlN3lv7zf4AJTXi6G8kqXYUrs235B1w==",
        "dependencies": {
          "Avalonia": "11.0.999-cibuild0037199-beta"
        }
      },
      "Avalonia.Remote.Protocol": {
        "type": "Transitive",
        "resolved": "11.0.999-cibuild0037199-beta",
        "contentHash": "c5pNGkbaPNb2mFp9hhY3lb1HzWs4AE5EsondX/vD1ly/T/ow4W0xmtLPcuvgHFfiKr6ow4TlaaDGWVVbYr1GZg=="
      },
      "Avalonia.Skia": {
        "type": "Transitive",
        "resolved": "11.0.999-cibuild0037199-beta",
        "contentHash": "rn7mNhmjtDiPlKqtOkbp7rBueb3y/2vQcI/E9hJF+6Hrdjl1iEwv3F4u6H5T9EVjerb+fMMVk13fBdXncWmExQ==",
        "dependencies": {
          "Avalonia": "11.0.999-cibuild0037199-beta",
          "HarfBuzzSharp": "2.8.2.3",
          "HarfBuzzSharp.NativeAssets.Linux": "2.8.2.3",
          "HarfBuzzSharp.NativeAssets.WebAssembly": "2.8.2.3",
          "SkiaSharp": "2.88.3",
          "SkiaSharp.NativeAssets.Linux": "2.88.3",
          "SkiaSharp.NativeAssets.WebAssembly": "2.88.3"
        }
      },
      "Avalonia.Win32": {
        "type": "Transitive",
        "resolved": "11.0.999-cibuild0037199-beta",
        "contentHash": "ISvBUm/AFq0Nk/wVET615F5bmtjSELIpsHkqZYn6n5Jew+9ykIpI1CI5PDAdOQze7QEjHFadySHnwLdpGgM/Ww==",
        "dependencies": {
          "Avalonia": "11.0.999-cibuild0037199-beta",
          "Avalonia.Angle.Windows.Natives": "2.1.0.2023020321",
          "System.Drawing.Common": "6.0.0",
          "System.Numerics.Vectors": "4.5.0"
        }
      },
      "Avalonia.X11": {
        "type": "Transitive",
        "resolved": "11.0.999-cibuild0037199-beta",
        "contentHash": "rxO/TM/Rfr/Ebnymcj31N/3iLPqmrNPajyJa1Ppz8ZtzV/EU9ZjkTURr1v36G8fhJ7PchpwOwwvT/rzfODm5xw==",
        "dependencies": {
          "Avalonia": "11.0.999-cibuild0037199-beta",
          "Avalonia.FreeDesktop": "11.0.999-cibuild0037199-beta",
          "Avalonia.Skia": "11.0.999-cibuild0037199-beta"
        }
      },
      "HarfBuzzSharp": {
        "type": "Transitive",
        "resolved": "2.8.2.3",
        "contentHash": "8MwXm9J4dXHuTdzPo29nHgDbt4+6P+RrPrH/qrxcERf29cpLlFbjvP3eFPwHmdUrl4KL2SHEZi2ZuQ5ndeIL1w==",
        "dependencies": {
          "HarfBuzzSharp.NativeAssets.Win32": "2.8.2.3",
          "HarfBuzzSharp.NativeAssets.macOS": "2.8.2.3"
        }
      },
      "HarfBuzzSharp.NativeAssets.Linux": {
        "type": "Transitive",
        "resolved": "2.8.2.3",
        "contentHash": "Qu1yJSHEN7PD3+fqfkaClnORWN5e2xJ2Xoziz/GUi/oBT1Z+Dp2oZeiONKP6NFltboSOBkvH90QuOA6YN/U1zg==",
        "dependencies": {
          "HarfBuzzSharp": "2.8.2.3"
        }
      },
      "HarfBuzzSharp.NativeAssets.macOS": {
        "type": "Transitive",
        "resolved": "2.8.2.3",
        "contentHash": "uwz9pB3hMuxzI/bSkjVrsOJH7Wo1L+0Md5ZmEMDM/j7xDHtR9d3mfg/CfxhMIcTiUC4JgX49FZK0y2ojgu1dww=="
      },
      "HarfBuzzSharp.NativeAssets.WebAssembly": {
        "type": "Transitive",
        "resolved": "2.8.2.3",
        "contentHash": "a6t2X1GrZDt3ErjFbG+qXdxaO8EvMMUN1AVZYfayh7EACHU3yU/SG/rveKLWhT8Ln5GFLqe2r+5dsDrHK1qScw=="
      },
      "HarfBuzzSharp.NativeAssets.Win32": {
        "type": "Transitive",
        "resolved": "2.8.2.3",
        "contentHash": "Wo6QpE4+a+PFVdfIBoLkLr4wq2uC0m9TZC8FAfy4ZnLsUc10WL0Egk9EBHHhDCeokNOXDse5YtvuTYtS/rbHfg=="
      },
      "MicroCom.Runtime": {
        "type": "Transitive",
        "resolved": "0.11.0",
        "contentHash": "MEnrZ3UIiH40hjzMDsxrTyi8dtqB5ziv3iBeeU4bXsL/7NLSal9F1lZKpK+tfBRnUoDSdtcW3KufE4yhATOMCA=="
      },
      "Microsoft.Win32.SystemEvents": {
        "type": "Transitive",
        "resolved": "6.0.0",
        "contentHash": "hqTM5628jSsQiv+HGpiq3WKBl2c8v1KZfby2J6Pr7pEPlK9waPdgEO6b8A/+/xn/yZ9ulv8HuqK71ONy2tg67A=="
      },
      "SkiaSharp": {
        "type": "Transitive",
        "resolved": "2.88.3",
        "contentHash": "GG8X3EdfwyBfwjl639UIiOVOKEdeoqDgYrz0P1MUCnefXt9cofN+AK8YB/v1+5cLMr03ieWCQdDmPqnFIzSxZw==",
        "dependencies": {
          "SkiaSharp.NativeAssets.Win32": "2.88.3",
          "SkiaSharp.NativeAssets.macOS": "2.88.3"
        }
      },
      "SkiaSharp.NativeAssets.Linux": {
        "type": "Transitive",
        "resolved": "2.88.3",
        "contentHash": "wz29evZVWRqN7WHfenFwQIgqtr8f5vHCutcl1XuhWrHTRZeaIBk7ngjhyHpjUMcQxtIEAdq34ZRvMQshsBYjqg==",
        "dependencies": {
          "SkiaSharp": "2.88.3"
        }
      },
      "SkiaSharp.NativeAssets.macOS": {
        "type": "Transitive",
        "resolved": "2.88.3",
        "contentHash": "CEbWAXMGFkPV3S1snBKK7jEG3+xud/9kmSAhu0BEUKKtlMdxx+Qal0U9bntQREM9QpqP5xLWZooodi8IlV8MEg=="
      },
      "SkiaSharp.NativeAssets.WebAssembly": {
        "type": "Transitive",
        "resolved": "2.88.3",
        "contentHash": "fNKLe6jFqW4rYwaCGgvr+J7heB6S92Z52zp2z7sDSIWXgkkelrhSShDgMd/WKrSYPqlOmfOYnIGW1CQBq9amfg=="
      },
      "SkiaSharp.NativeAssets.Win32": {
        "type": "Transitive",
        "resolved": "2.88.3",
        "contentHash": "MU4ASL8VAbTv5vSw1PoiWjjjpjtGhWtFYuJnrN4sNHFCePb2ohQij9JhSdqLLxk7RpRtWPdV93fbA53Pt+J0yw=="
      },
      "System.ComponentModel.Annotations": {
        "type": "Transitive",
        "resolved": "4.5.0",
        "contentHash": "UxYQ3FGUOtzJ7LfSdnYSFd7+oEv6M8NgUatatIN2HxNtDdlcvFAf+VIq4Of9cDMJEJC0aSRv/x898RYhB4Yppg=="
      },
      "System.Drawing.Common": {
        "type": "Transitive",
        "resolved": "6.0.0",
        "contentHash": "NfuoKUiP2nUWwKZN6twGqXioIe1zVD0RIj2t976A+czLHr2nY454RwwXs6JU9Htc6mwqL6Dn/nEL3dpVf2jOhg==",
        "dependencies": {
          "Microsoft.Win32.SystemEvents": "6.0.0"
        }
      },
      "System.IO.Pipelines": {
        "type": "Transitive",
        "resolved": "6.0.0",
        "contentHash": "mXX66shZ4xLlI3vNLaJ0lt8OIZdmXTvIqXRdQX5HLVGSkLhINLsVhyZuX2UdRFnOGkqnwmMUs40pIIQ7mna4+A=="
      },
      "System.Numerics.Vectors": {
        "type": "Transitive",
        "resolved": "4.5.0",
        "contentHash": "QQTlPTl06J/iiDbJCiepZ4H//BVraReU4O4EoRw1U02H5TLUIT7xn3GnDp9AXPSlJUDyFs4uWjWafNX6WrAojQ=="
      },
      "System.Text.Encodings.Web": {
        "type": "Transitive",
        "resolved": "8.0.0-preview.5.23280.8",
        "contentHash": "g4I3rXyyQj4AmsooE1z1nCYjXY712foWowYdCep13QajdgNiVOXSBTij2CbqR6+gryMj/x/cInk2TGcBS79ubw=="
      },
      "Tmds.DBus.Protocol": {
        "type": "Transitive",
        "resolved": "0.15.0",
        "contentHash": "QVo/Y39nTYcCKBqrZuwHjXdwaky0yTQPIT3qUTEEK2MZfDtZWrJ2XyZ59zH8LBgB2fL5cWaTuP2pBTpGz/GeDQ==",
        "dependencies": {
          "System.IO.Pipelines": "6.0.0"
        }
      }
    },
    "net7.0/osx-arm64": {
      "Avalonia.Angle.Windows.Natives": {
        "type": "Transitive",
        "resolved": "2.1.0.2023020321",
        "contentHash": "Zlkkb8ipxrxNWVPCJgMO19fpcpYPP+bpOQ+jPtCFj8v+TzVvPdnGHuyv9IMvSHhhMfEpps4m4hjaP4FORQYVAA=="
      },
      "Avalonia.Native": {
        "type": "Transitive",
        "resolved": "11.0.999-cibuild0037199-beta",
        "contentHash": "8tkYM0UpfQ9+nB3cAUd1qscpNAdGDc0UfSZ4k55XPb8fjRyfFoiQ1pRFlN3lv7zf4AJTXi6G8kqXYUrs235B1w==",
        "dependencies": {
          "Avalonia": "11.0.999-cibuild0037199-beta"
        }
      },
      "HarfBuzzSharp.NativeAssets.Linux": {
        "type": "Transitive",
        "resolved": "2.8.2.3",
        "contentHash": "Qu1yJSHEN7PD3+fqfkaClnORWN5e2xJ2Xoziz/GUi/oBT1Z+Dp2oZeiONKP6NFltboSOBkvH90QuOA6YN/U1zg==",
        "dependencies": {
          "HarfBuzzSharp": "2.8.2.3"
        }
      },
      "HarfBuzzSharp.NativeAssets.macOS": {
        "type": "Transitive",
        "resolved": "2.8.2.3",
        "contentHash": "uwz9pB3hMuxzI/bSkjVrsOJH7Wo1L+0Md5ZmEMDM/j7xDHtR9d3mfg/CfxhMIcTiUC4JgX49FZK0y2ojgu1dww=="
      },
      "HarfBuzzSharp.NativeAssets.Win32": {
        "type": "Transitive",
        "resolved": "2.8.2.3",
        "contentHash": "Wo6QpE4+a+PFVdfIBoLkLr4wq2uC0m9TZC8FAfy4ZnLsUc10WL0Egk9EBHHhDCeokNOXDse5YtvuTYtS/rbHfg=="
      },
      "Microsoft.Win32.SystemEvents": {
        "type": "Transitive",
        "resolved": "6.0.0",
        "contentHash": "hqTM5628jSsQiv+HGpiq3WKBl2c8v1KZfby2J6Pr7pEPlK9waPdgEO6b8A/+/xn/yZ9ulv8HuqK71ONy2tg67A=="
      },
      "SkiaSharp.NativeAssets.Linux": {
        "type": "Transitive",
        "resolved": "2.88.3",
        "contentHash": "wz29evZVWRqN7WHfenFwQIgqtr8f5vHCutcl1XuhWrHTRZeaIBk7ngjhyHpjUMcQxtIEAdq34ZRvMQshsBYjqg==",
        "dependencies": {
          "SkiaSharp": "2.88.3"
        }
      },
      "SkiaSharp.NativeAssets.macOS": {
        "type": "Transitive",
        "resolved": "2.88.3",
        "contentHash": "CEbWAXMGFkPV3S1snBKK7jEG3+xud/9kmSAhu0BEUKKtlMdxx+Qal0U9bntQREM9QpqP5xLWZooodi8IlV8MEg=="
      },
      "SkiaSharp.NativeAssets.Win32": {
        "type": "Transitive",
        "resolved": "2.88.3",
        "contentHash": "MU4ASL8VAbTv5vSw1PoiWjjjpjtGhWtFYuJnrN4sNHFCePb2ohQij9JhSdqLLxk7RpRtWPdV93fbA53Pt+J0yw=="
      },
      "System.Drawing.Common": {
        "type": "Transitive",
        "resolved": "6.0.0",
        "contentHash": "NfuoKUiP2nUWwKZN6twGqXioIe1zVD0RIj2t976A+czLHr2nY454RwwXs6JU9Htc6mwqL6Dn/nEL3dpVf2jOhg==",
        "dependencies": {
          "Microsoft.Win32.SystemEvents": "6.0.0"
        }
      },
      "System.Text.Encodings.Web": {
        "type": "Transitive",
        "resolved": "8.0.0-preview.5.23280.8",
        "contentHash": "g4I3rXyyQj4AmsooE1z1nCYjXY712foWowYdCep13QajdgNiVOXSBTij2CbqR6+gryMj/x/cInk2TGcBS79ubw=="
      }
    },
    "net7.0/win-x64": {
      "Avalonia.Angle.Windows.Natives": {
        "type": "Transitive",
        "resolved": "2.1.0.2023020321",
        "contentHash": "Zlkkb8ipxrxNWVPCJgMO19fpcpYPP+bpOQ+jPtCFj8v+TzVvPdnGHuyv9IMvSHhhMfEpps4m4hjaP4FORQYVAA=="
      },
      "Avalonia.Native": {
        "type": "Transitive",
        "resolved": "11.0.999-cibuild0037199-beta",
        "contentHash": "8tkYM0UpfQ9+nB3cAUd1qscpNAdGDc0UfSZ4k55XPb8fjRyfFoiQ1pRFlN3lv7zf4AJTXi6G8kqXYUrs235B1w==",
        "dependencies": {
          "Avalonia": "11.0.999-cibuild0037199-beta"
        }
      },
      "HarfBuzzSharp.NativeAssets.Linux": {
        "type": "Transitive",
        "resolved": "2.8.2.3",
        "contentHash": "Qu1yJSHEN7PD3+fqfkaClnORWN5e2xJ2Xoziz/GUi/oBT1Z+Dp2oZeiONKP6NFltboSOBkvH90QuOA6YN/U1zg==",
        "dependencies": {
          "HarfBuzzSharp": "2.8.2.3"
        }
      },
      "HarfBuzzSharp.NativeAssets.macOS": {
        "type": "Transitive",
        "resolved": "2.8.2.3",
        "contentHash": "uwz9pB3hMuxzI/bSkjVrsOJH7Wo1L+0Md5ZmEMDM/j7xDHtR9d3mfg/CfxhMIcTiUC4JgX49FZK0y2ojgu1dww=="
      },
      "HarfBuzzSharp.NativeAssets.Win32": {
        "type": "Transitive",
        "resolved": "2.8.2.3",
        "contentHash": "Wo6QpE4+a+PFVdfIBoLkLr4wq2uC0m9TZC8FAfy4ZnLsUc10WL0Egk9EBHHhDCeokNOXDse5YtvuTYtS/rbHfg=="
      },
      "Microsoft.Win32.SystemEvents": {
        "type": "Transitive",
        "resolved": "6.0.0",
        "contentHash": "hqTM5628jSsQiv+HGpiq3WKBl2c8v1KZfby2J6Pr7pEPlK9waPdgEO6b8A/+/xn/yZ9ulv8HuqK71ONy2tg67A=="
      },
      "SkiaSharp.NativeAssets.Linux": {
        "type": "Transitive",
        "resolved": "2.88.3",
        "contentHash": "wz29evZVWRqN7WHfenFwQIgqtr8f5vHCutcl1XuhWrHTRZeaIBk7ngjhyHpjUMcQxtIEAdq34ZRvMQshsBYjqg==",
        "dependencies": {
          "SkiaSharp": "2.88.3"
        }
      },
      "SkiaSharp.NativeAssets.macOS": {
        "type": "Transitive",
        "resolved": "2.88.3",
        "contentHash": "CEbWAXMGFkPV3S1snBKK7jEG3+xud/9kmSAhu0BEUKKtlMdxx+Qal0U9bntQREM9QpqP5xLWZooodi8IlV8MEg=="
      },
      "SkiaSharp.NativeAssets.Win32": {
        "type": "Transitive",
        "resolved": "2.88.3",
        "contentHash": "MU4ASL8VAbTv5vSw1PoiWjjjpjtGhWtFYuJnrN4sNHFCePb2ohQij9JhSdqLLxk7RpRtWPdV93fbA53Pt+J0yw=="
      },
      "System.Drawing.Common": {
        "type": "Transitive",
        "resolved": "6.0.0",
        "contentHash": "NfuoKUiP2nUWwKZN6twGqXioIe1zVD0RIj2t976A+czLHr2nY454RwwXs6JU9Htc6mwqL6Dn/nEL3dpVf2jOhg==",
        "dependencies": {
          "Microsoft.Win32.SystemEvents": "6.0.0"
        }
      },
      "System.Text.Encodings.Web": {
        "type": "Transitive",
        "resolved": "8.0.0-preview.5.23280.8",
        "contentHash": "g4I3rXyyQj4AmsooE1z1nCYjXY712foWowYdCep13QajdgNiVOXSBTij2CbqR6+gryMj/x/cInk2TGcBS79ubw=="
      }
    }
  }
}